
Microsoft Visual Studio Solution File, Format Version 12.00
# Visual Studio Version 16
VisualStudioVersion = 16.0.31515.178
MinimumVisualStudioVersion = 10.0.40219.1
Project("{FAE04EC0-301F-11D3-BF4B-00C04F79EFBC}") = "CICDDemoAPI", "CICDDemoAPI\CICDDemoAPI.csproj", "{D66F885F-8CF8-416C-B4F5-E89DB8FF2009}"
EndProject
Project("{FAE04EC0-301F-11D3-BF4B-00C04F79EFBC}") = "CICDDemo.Test", "CICDDemo.Test\CICDDemo.Test.csproj", "{11968683-E61B-4E02-8597-D0295F795A09}"
EndProject
Global
	GlobalSection(SolutionConfigurationPlatforms) = preSolution
		Debug|Any CPU = Debug|Any CPU
		Release|Any CPU = Release|Any CPU
	EndGlobalSection
	GlobalSection(ProjectConfigurationPlatforms) = postSolution
		{D66F885F-8CF8-416C-B4F5-E89DB8FF2009}.Debug|Any CPU.ActiveCfg = Debug|Any CPU
		{D66F885F-8CF8-416C-B4F5-E89DB8FF2009}.Debug|Any CPU.Build.0 = Debug|Any CPU
		{D66F885F-8CF8-416C-B4F5-E89DB8FF2009}.Release|Any CPU.ActiveCfg = Release|Any CPU
		{D66F885F-8CF8-416C-B4F5-E89DB8FF2009}.Release|Any CPU.Build.0 = Release|Any CPU
		{11968683-E61B-4E02-8597-D0295F795A09}.Debug|Any CPU.ActiveCfg = Debug|Any CPU
		{11968683-E61B-4E02-8597-D0295F795A09}.Debug|Any CPU.Build.0 = Debug|Any CPU
		{11968683-E61B-4E02-8597-D0295F795A09}.Release|Any CPU.ActiveCfg = Release|Any CPU
		{11968683-E61B-4E02-8597-D0295F795A09}.Release|Any CPU.Build.0 = Release|Any CPU
	EndGlobalSection
	GlobalSection(SolutionProperties) = preSolution
		HideSolutionNode = FALSE
	EndGlobalSection
	GlobalSection(ExtensibilityGlobals) = postSolution
		SolutionGuid = {6DE9731D-4A93-4AF0-BCDB-CB60CB20F407}
	EndGlobalSection
EndGlobal
